
Microsoft Visual Studio Solution File, Format Version 12.00
# Visual Studio 2013
VisualStudioVersion = 12.0.40629.0
MinimumVisualStudioVersion = 10.0.40219.1
Project("{FAE04EC0-301F-11D3-BF4B-00C04F79EFBC}") = "ServerApp", "PuplisherApp\ServerApp.csproj", "{06D3D09F-74CA-4A19-A6D5-D01C0139BB37}"
EndProject
Project("{FAE04EC0-301F-11D3-BF4B-00C04F79EFBC}") = "ClientApp", "SubscriperApp\ClientApp.csproj", "{5EDE0CD8-FEB5-4149-A147-CAAB134C376E}"
EndProject
Global
	GlobalSection(SolutionConfigurationPlatforms) = preSolution
		Debug|Any CPU = Debug|Any CPU
		Release|Any CPU = Release|Any CPU
	EndGlobalSection
	GlobalSection(ProjectConfigurationPlatforms) = postSolution
		{06D3D09F-74CA-4A19-A6D5-D01C0139BB37}.Debug|Any CPU.ActiveCfg = Debug|Any CPU
		{06D3D09F-74CA-4A19-A6D5-D01C0139BB37}.Debug|Any CPU.Build.0 = Debug|Any CPU
		{06D3D09F-74CA-4A19-A6D5-D01C0139BB37}.Release|Any CPU.ActiveCfg = Release|Any CPU
		{06D3D09F-74CA-4A19-A6D5-D01C0139BB37}.Release|Any CPU.Build.0 = Release|Any CPU
		{5EDE0CD8-FEB5-4149-A147-CAAB134C376E}.Debug|Any CPU.ActiveCfg = Debug|Any CPU
		{5EDE0CD8-FEB5-4149-A147-CAAB134C376E}.Debug|Any CPU.Build.0 = Debug|Any CPU
		{5EDE0CD8-FEB5-4149-A147-CAAB134C376E}.Release|Any CPU.ActiveCfg = Release|Any CPU
		{5EDE0CD8-FEB5-4149-A147-CAAB134C376E}.Release|Any CPU.Build.0 = Release|Any CPU
	EndGlobalSection
	GlobalSection(SolutionProperties) = preSolution
		HideSolutionNode = FALSE
	EndGlobalSection
EndGlobal
